// !$*UTF8*$!
{
	archiveVersion = 1;
	classes = {
	};
	objectVersion = 56;
	objects = {

/* Begin PBXBuildFile section */
		CEB53DCACDBB4B7CCB4026D3 /* Pods_ML_sample.framework in Frameworks */ = {isa = PBXBuildFile; fileRef = 643DB16631CF4C1DA0FA035C /* Pods_ML_sample.framework */; };
		D0FDB0082AA6FE37007DC1AF /* AppDelegate.swift in Sources */ = {isa = PBXBuildFile; fileRef = D0FDB0072AA6FE37007DC1AF /* AppDelegate.swift */; };
		D0FDB00A2AA6FE37007DC1AF /* SceneDelegate.swift in Sources */ = {isa = PBXBuildFile; fileRef = D0FDB0092AA6FE37007DC1AF /* SceneDelegate.swift */; };
		D0FDB00C2AA6FE37007DC1AF /* ViewController.swift in Sources */ = {isa = PBXBuildFile; fileRef = D0FDB00B2AA6FE37007DC1AF /* ViewController.swift */; };
		D0FDB00F2AA6FE37007DC1AF /* Main.storyboard in Resources */ = {isa = PBXBuildFile; fileRef = D0FDB00D2AA6FE37007DC1AF /* Main.storyboard */; };
		D0FDB0112AA6FE38007DC1AF /* Assets.xcassets in Resources */ = {isa = PBXBuildFile; fileRef = D0FDB0102AA6FE38007DC1AF /* Assets.xcassets */; };
		D0FDB0142AA6FE38007DC1AF /* LaunchScreen.storyboard in Resources */ = {isa = PBXBuildFile; fileRef = D0FDB0122AA6FE38007DC1AF /* LaunchScreen.storyboard */; };
/* End PBXBuildFile section */

/* Begin PBXCopyFilesBuildPhase section */
		D0FDB0232AA7074F007DC1AF /* Embed Frameworks */ = {
			isa = PBXCopyFilesBuildPhase;
			buildActionMask = 2147483647;
			dstPath = "";
			dstSubfolderSpec = 10;
			files = (
			);
			name = "Embed Frameworks";
			runOnlyForDeploymentPostprocessing = 0;
		};
/* End PBXCopyFilesBuildPhase section */

/* Begin PBXFileReference section */
		643DB16631CF4C1DA0FA035C /* Pods_ML_sample.framework */ = {isa = PBXFileReference; explicitFileType = wrapper.framework; includeInIndex = 0; path = Pods_ML_sample.framework; sourceTree = BUILT_PRODUCTS_DIR; };
		65EA0EF1FB5B7C024518FA6C /* Pods-ML-sample.debug.xcconfig */ = {isa = PBXFileReference; includeInIndex = 1; lastKnownFileType = text.xcconfig; name = "Pods-ML-sample.debug.xcconfig"; path = "Target Support Files/Pods-ML-sample/Pods-ML-sample.debug.xcconfig"; sourceTree = "<group>"; };
		D0FDB0042AA6FE37007DC1AF /* ML-sample.app */ = {isa = PBXFileReference; explicitFileType = wrapper.application; includeInIndex = 0; path = "ML-sample.app"; sourceTree = BUILT_PRODUCTS_DIR; };
		D0FDB0072AA6FE37007DC1AF /* AppDelegate.swift */ = {isa = PBXFileReference; lastKnownFileType = sourcecode.swift; path = AppDelegate.swift; sourceTree = "<group>"; };
		D0FDB0092AA6FE37007DC1AF /* SceneDelegate.swift */ = {isa = PBXFileReference; lastKnownFileType = sourcecode.swift; path = SceneDelegate.swift; sourceTree = "<group>"; };
		D0FDB00B2AA6FE37007DC1AF /* ViewController.swift */ = {isa = PBXFileReference; lastKnownFileType = sourcecode.swift; path = ViewController.swift; sourceTree = "<group>"; };
		D0FDB00E2AA6FE37007DC1AF /* Base */ = {isa = PBXFileReference; lastKnownFileType = file.storyboard; name = Base; path = Base.lproj/Main.storyboard; sourceTree = "<group>"; };
		D0FDB0102AA6FE38007DC1AF /* Assets.xcassets */ = {isa = PBXFileReference; lastKnownFileType = folder.assetcatalog; path = Assets.xcassets; sourceTree = "<group>"; };
		D0FDB0132AA6FE38007DC1AF /* Base */ = {isa = PBXFileReference; lastKnownFileType = file.storyboard; name = Base; path = Base.lproj/LaunchScreen.storyboard; sourceTree = "<group>"; };
		D0FDB0152AA6FE38007DC1AF /* Info.plist */ = {isa = PBXFileReference; lastKnownFileType = text.plist.xml; path = Info.plist; sourceTree = "<group>"; };
		EEFF7E63A5DD16B5D299AB9C /* Pods-ML-sample.release.xcconfig */ = {isa = PBXFileReference; includeInIndex = 1; lastKnownFileType = text.xcconfig; name = "Pods-ML-sample.release.xcconfig"; path = "Target Support Files/Pods-ML-sample/Pods-ML-sample.release.xcconfig"; sourceTree = "<group>"; };
/* End PBXFileReference section */

/* Begin PBXFrameworksBuildPhase section */
		D0FDB0012AA6FE37007DC1AF /* Frameworks */ = {
			isa = PBXFrameworksBuildPhase;
			buildActionMask = 2147483647;
			files = (
				CEB53DCACDBB4B7CCB4026D3 /* Pods_ML_sample.framework in Frameworks */,
			);
			runOnlyForDeploymentPostprocessing = 0;
		};
/* End PBXFrameworksBuildPhase section */

/* Begin PBXGroup section */
		0C0E32E9C8686912DECE36DA /* Frameworks */ = {
			isa = PBXGroup;
			children = (
				643DB16631CF4C1DA0FA035C /* Pods_ML_sample.framework */,
			);
			name = Frameworks;
			sourceTree = "<group>";
		};
		666C70313E61C923148D347E /* Pods */ = {
			isa = PBXGroup;
			children = (
				65EA0EF1FB5B7C024518FA6C /* Pods-ML-sample.debug.xcconfig */,
				EEFF7E63A5DD16B5D299AB9C /* Pods-ML-sample.release.xcconfig */,
			);
			path = Pods;
			sourceTree = "<group>";
		};
		D0FDAFFB2AA6FE37007DC1AF = {
			isa = PBXGroup;
			children = (
				D0FDB0062AA6FE37007DC1AF /* ML-sample */,
				D0FDB0052AA6FE37007DC1AF /* Products */,
				666C70313E61C923148D347E /* Pods */,
				0C0E32E9C8686912DECE36DA /* Frameworks */,
			);
			sourceTree = "<group>";
		};
		D0FDB0052AA6FE37007DC1AF /* Products */ = {
			isa = PBXGroup;
			children = (
				D0FDB0042AA6FE37007DC1AF /* ML-sample.app */,
			);
			name = Products;
			sourceTree = "<group>";
		};
		D0FDB0062AA6FE37007DC1AF /* ML-sample */ = {
			isa = PBXGroup;
			children = (
				D0FDB0072AA6FE37007DC1AF /* AppDelegate.swift */,
				D0FDB0092AA6FE37007DC1AF /* SceneDelegate.swift */,
				D0FDB00B2AA6FE37007DC1AF /* ViewController.swift */,
				D0FDB00D2AA6FE37007DC1AF /* Main.storyboard */,
				D0FDB0102AA6FE38007DC1AF /* Assets.xcassets */,
				D0FDB0122AA6FE38007DC1AF /* LaunchScreen.storyboard */,
				D0FDB0152AA6FE38007DC1AF /* Info.plist */,
			);
			path = "ML-sample";
			sourceTree = "<group>";
		};
/* End PBXGroup section */

/* Begin PBXNativeTarget section */
		D0FDB0032AA6FE37007DC1AF /* ML-sample */ = {
			isa = PBXNativeTarget;
			buildConfigurationList = D0FDB0182AA6FE38007DC1AF /* Build configuration list for PBXNativeTarget "ML-sample" */;
			buildPhases = (
				7E64EF4A396E8D2A027E3B02 /* [CP] Check Pods Manifest.lock */,
				D0FDB0002AA6FE37007DC1AF /* Sources */,
				D0FDB0012AA6FE37007DC1AF /* Frameworks */,
				D0FDB0022AA6FE37007DC1AF /* Resources */,
				D0FDB0232AA7074F007DC1AF /* Embed Frameworks */,
				CCC61253FD1121E6BE4F3889 /* [CP] Embed Pods Frameworks */,
			);
			buildRules = (
			);
			dependencies = (
			);
			name = "ML-sample";
			productName = "ML-sample";
			productReference = D0FDB0042AA6FE37007DC1AF /* ML-sample.app */;
			productType = "com.apple.product-type.application";
		};
/* End PBXNativeTarget section */

/* Begin PBXProject section */
		D0FDAFFC2AA6FE37007DC1AF /* Project object */ = {
			isa = PBXProject;
			attributes = {
				BuildIndependentTargetsInParallel = 1;
				LastSwiftUpdateCheck = 1420;
				LastUpgradeCheck = 1420;
				TargetAttributes = {
					D0FDB0032AA6FE37007DC1AF = {
						CreatedOnToolsVersion = 14.2;
					};
				};
			};
			buildConfigurationList = D0FDAFFF2AA6FE37007DC1AF /* Build configuration list for PBXProject "ML-sample" */;
			compatibilityVersion = "Xcode 14.0";
			developmentRegion = en;
			hasScannedForEncodings = 0;
			knownRegions = (
				en,
				Base,
			);
			mainGroup = D0FDAFFB2AA6FE37007DC1AF;
			productRefGroup = D0FDB0052AA6FE37007DC1AF /* Products */;
			projectDirPath = "";
			projectRoot = "";
			targets = (
				D0FDB0032AA6FE37007DC1AF /* ML-sample */,
			);
		};
/* End PBXProject section */

/* Begin PBXResourcesBuildPhase section */
		D0FDB0022AA6FE37007DC1AF /* Resources */ = {
			isa = PBXResourcesBuildPhase;
			buildActionMask = 2147483647;
			files = (
				D0FDB0142AA6FE38007DC1AF /* LaunchScreen.storyboard in Resources */,
				D0FDB0112AA6FE38007DC1AF /* Assets.xcassets in Resources */,
				D0FDB00F2AA6FE37007DC1AF /* Main.storyboard in Resources */,
			);
			runOnlyForDeploymentPostprocessing = 0;
		};
/* End PBXResourcesBuildPhase section */

/* Begin PBXShellScriptBuildPhase section */
		7E64EF4A396E8D2A027E3B02 /* [CP] Check Pods Manifest.lock */ = {
			isa = PBXShellScriptBuildPhase;
			buildActionMask = 2147483647;
			files = (
			);
			inputFileListPaths = (
			);
			inputPaths = (
				"${PODS_PODFILE_DIR_PATH}/Podfile.lock",
				"${PODS_ROOT}/Manifest.lock",
			);
			name = "[CP] Check Pods Manifest.lock";
			outputFileListPaths = (
			);
			outputPaths = (
				"$(DERIVED_FILE_DIR)/Pods-ML-sample-checkManifestLockResult.txt",
			);
			runOnlyForDeploymentPostprocessing = 0;
			shellPath = /bin/sh;
			shellScript = "diff \"${PODS_PODFILE_DIR_PATH}/Podfile.lock\" \"${PODS_ROOT}/Manifest.lock\" > /dev/null\nif [ $? != 0 ] ; then\n    # print error to STDERR\n    echo \"error: The sandbox is not in sync with the Podfile.lock. Run 'pod install' or update your CocoaPods installation.\" >&2\n    exit 1\nfi\n# This output is used by Xcode 'outputs' to avoid re-running this script phase.\necho \"SUCCESS\" > \"${SCRIPT_OUTPUT_FILE_0}\"\n";
			showEnvVarsInLog = 0;
		};
		CCC61253FD1121E6BE4F3889 /* [CP] Embed Pods Frameworks */ = {
			isa = PBXShellScriptBuildPhase;
			buildActionMask = 2147483647;
			files = (
			);
			inputFileListPaths = (
				"${PODS_ROOT}/Target Support Files/Pods-ML-sample/Pods-ML-sample-frameworks-${CONFIGURATION}-input-files.xcfilelist",
			);
			name = "[CP] Embed Pods Frameworks";
			outputFileListPaths = (
				"${PODS_ROOT}/Target Support Files/Pods-ML-sample/Pods-ML-sample-frameworks-${CONFIGURATION}-output-files.xcfilelist",
			);
			runOnlyForDeploymentPostprocessing = 0;
			shellPath = /bin/sh;
			shellScript = "\"${PODS_ROOT}/Target Support Files/Pods-ML-sample/Pods-ML-sample-frameworks.sh\"\n";
			showEnvVarsInLog = 0;
		};
/* End PBXShellScriptBuildPhase section */

/* Begin PBXSourcesBuildPhase section */
		D0FDB0002AA6FE37007DC1AF /* Sources */ = {
			isa = PBXSourcesBuildPhase;
			buildActionMask = 2147483647;
			files = (
				D0FDB00C2AA6FE37007DC1AF /* ViewController.swift in Sources */,
				D0FDB0082AA6FE37007DC1AF /* AppDelegate.swift in Sources */,
				D0FDB00A2AA6FE37007DC1AF /* SceneDelegate.swift in Sources */,
			);
			runOnlyForDeploymentPostprocessing = 0;
		};
/* End PBXSourcesBuildPhase section */

/* Begin PBXVariantGroup section */
		D0FDB00D2AA6FE37007DC1AF /* Main.storyboard */ = {
			isa = PBXVariantGroup;
			children = (
				D0FDB00E2AA6FE37007DC1AF /* Base */,
			);
			name = Main.storyboard;
			sourceTree = "<group>";
		};
		D0FDB0122AA6FE38007DC1AF /* LaunchScreen.storyboard */ = {
			isa = PBXVariantGroup;
			children = (
				D0FDB0132AA6FE38007DC1AF /* Base */,
			);
			name = LaunchScreen.storyboard;
			sourceTree = "<group>";
		};
/* End PBXVariantGroup section */

/* Begin XCBuildConfiguration section */
		D0FDB0162AA6FE38007DC1AF /* Debug */ = {
			isa = XCBuildConfiguration;
			buildSettings = {
				ALWAYS_SEARCH_USER_PATHS = NO;
				CLANG_ANALYZER_NONNULL = YES;
				CLANG_ANALYZER_NUMBER_OBJECT_CONVERSION = YES_AGGRESSIVE;
				CLANG_CXX_LANGUAGE_STANDARD = "gnu++20";
				CLANG_ENABLE_MODULES = YES;
				CLANG_ENABLE_OBJC_ARC = YES;
				CLANG_ENABLE_OBJC_WEAK = YES;
				CLANG_WARN_BLOCK_CAPTURE_AUTORELEASING = YES;
				CLANG_WARN_BOOL_CONVERSION = YES;
				CLANG_WARN_COMMA = YES;
				CLANG_WARN_CONSTANT_CONVERSION = YES;
				CLANG_WARN_DEPRECATED_OBJC_IMPLEMENTATIONS = YES;
				CLANG_WARN_DIRECT_OBJC_ISA_USAGE = YES_ERROR;
				CLANG_WARN_DOCUMENTATION_COMMENTS = YES;
				CLANG_WARN_EMPTY_BODY = YES;
				CLANG_WARN_ENUM_CONVERSION = YES;
				CLANG_WARN_INFINITE_RECURSION = YES;
				CLANG_WARN_INT_CONVERSION = YES;
				CLANG_WARN_NON_LITERAL_NULL_CONVERSION = YES;
				CLANG_WARN_OBJC_IMPLICIT_RETAIN_SELF = YES;
				CLANG_WARN_OBJC_LITERAL_CONVERSION = YES;
				CLANG_WARN_OBJC_ROOT_CLASS = YES_ERROR;
				CLANG_WARN_QUOTED_INCLUDE_IN_FRAMEWORK_HEADER = YES;
				CLANG_WARN_RANGE_LOOP_ANALYSIS = YES;
				CLANG_WARN_STRICT_PROTOTYPES = YES;
				CLANG_WARN_SUSPICIOUS_MOVE = YES;
				CLANG_WARN_UNGUARDED_AVAILABILITY = YES_AGGRESSIVE;
				CLANG_WARN_UNREACHABLE_CODE = YES;
				CLANG_WARN__DUPLICATE_METHOD_MATCH = YES;
				COPY_PHASE_STRIP = NO;
				DEBUG_INFORMATION_FORMAT = dwarf;
				ENABLE_STRICT_OBJC_MSGSEND = YES;
				ENABLE_TESTABILITY = YES;
				GCC_C_LANGUAGE_STANDARD = gnu11;
				GCC_DYNAMIC_NO_PIC = NO;
				GCC_NO_COMMON_BLOCKS = YES;
				GCC_OPTIMIZATION_LEVEL = 0;
				GCC_PREPROCESSOR_DEFINITIONS = (
					"DEBUG=1",
					"$(inherited)",
				);
				GCC_WARN_64_TO_32_BIT_CONVERSION = YES;
				GCC_WARN_ABOUT_RETURN_TYPE = YES_ERROR;
				GCC_WARN_UNDECLARED_SELECTOR = YES;
				GCC_WARN_UNINITIALIZED_AUTOS = YES_AGGRESSIVE;
				GCC_WARN_UNUSED_FUNCTION = YES;
				GCC_WARN_UNUSED_VARIABLE = YES;
				IPHONEOS_DEPLOYMENT_TARGET = 13.0;
				MTL_ENABLE_DEBUG_INFO = INCLUDE_SOURCE;
				MTL_FAST_MATH = YES;
				ONLY_ACTIVE_ARCH = YES;
				SDKROOT = iphoneos;
				SWIFT_ACTIVE_COMPILATION_CONDITIONS = DEBUG;
				SWIFT_OPTIMIZATION_LEVEL = "-Onone";
			};
			name = Debug;
		};
		D0FDB0172AA6FE38007DC1AF /* Release */ = {
			isa = XCBuildConfiguration;
			buildSettings = {
				ALWAYS_SEARCH_USER_PATHS = NO;
				CLANG_ANALYZER_NONNULL = YES;
				CLANG_ANALYZER_NUMBER_OBJECT_CONVERSION = YES_AGGRESSIVE;
				CLANG_CXX_LANGUAGE_STANDARD = "gnu++20";
				CLANG_ENABLE_MODULES = YES;
				CLANG_ENABLE_OBJC_ARC = YES;
				CLANG_ENABLE_OBJC_WEAK = YES;
				CLANG_WARN_BLOCK_CAPTURE_AUTORELEASING = YES;
				CLANG_WARN_BOOL_CONVERSION = YES;
				CLANG_WARN_COMMA = YES;
				CLANG_WARN_CONSTANT_CONVERSION = YES;
				CLANG_WARN_DEPRECATED_OBJC_IMPLEMENTATIONS = YES;
				CLANG_WARN_DIRECT_OBJC_ISA_USAGE = YES_ERROR;
				CLANG_WARN_DOCUMENTATION_COMMENTS = YES;
				CLANG_WARN_EMPTY_BODY = YES;
				CLANG_WARN_ENUM_CONVERSION = YES;
				CLANG_WARN_INFINITE_RECURSION = YES;
				CLANG_WARN_INT_CONVERSION = YES;
				CLANG_WARN_NON_LITERAL_NULL_CONVERSION = YES;
				CLANG_WARN_OBJC_IMPLICIT_RETAIN_SELF = YES;
				CLANG_WARN_OBJC_LITERAL_CONVERSION = YES;
				CLANG_WARN_OBJC_ROOT_CLASS = YES_ERROR;
				CLANG_WARN_QUOTED_INCLUDE_IN_FRAMEWORK_HEADER = YES;
				CLANG_WARN_RANGE_LOOP_ANALYSIS = YES;
				CLANG_WARN_STRICT_PROTOTYPES = YES;
				CLANG_WARN_SUSPICIOUS_MOVE = YES;
				CLANG_WARN_UNGUARDED_AVAILABILITY = YES_AGGRESSIVE;
				CLANG_WARN_UNREACHABLE_CODE = YES;
				CLANG_WARN__DUPLICATE_METHOD_MATCH = YES;
				COPY_PHASE_STRIP = NO;
				DEBUG_INFORMATION_FORMAT = "dwarf-with-dsym";
				ENABLE_NS_ASSERTIONS = NO;
				ENABLE_STRICT_OBJC_MSGSEND = YES;
				GCC_C_LANGUAGE_STANDARD = gnu11;
				GCC_NO_COMMON_BLOCKS = YES;
				GCC_WARN_64_TO_32_BIT_CONVERSION = YES;
				GCC_WARN_ABOUT_RETURN_TYPE = YES_ERROR;
				GCC_WARN_UNDECLARED_SELECTOR = YES;
				GCC_WARN_UNINITIALIZED_AUTOS = YES_AGGRESSIVE;
				GCC_WARN_UNUSED_FUNCTION = YES;
				GCC_WARN_UNUSED_VARIABLE = YES;
				IPHONEOS_DEPLOYMENT_TARGET = 13.0;
				MTL_ENABLE_DEBUG_INFO = NO;
				MTL_FAST_MATH = YES;
				SDKROOT = iphoneos;
				SWIFT_COMPILATION_MODE = wholemodule;
				SWIFT_OPTIMIZATION_LEVEL = "-O";
				VALIDATE_PRODUCT = YES;
			};
			name = Release;
		};
		D0FDB0192AA6FE38007DC1AF /* Debug */ = {
			isa = XCBuildConfiguration;
			baseConfigurationReference = 65EA0EF1FB5B7C024518FA6C /* Pods-ML-sample.debug.xcconfig */;
			buildSettings = {
				ASSETCATALOG_COMPILER_APPICON_NAME = AppIcon;
				ASSETCATALOG_COMPILER_GLOBAL_ACCENT_COLOR_NAME = AccentColor;
				CODE_SIGN_STYLE = Automatic;
				CURRENT_PROJECT_VERSION = 1;
				GENERATE_INFOPLIST_FILE = YES;
				INFOPLIST_FILE = "ML-sample/Info.plist";
				INFOPLIST_KEY_UIApplicationSupportsIndirectInputEvents = YES;
				INFOPLIST_KEY_UILaunchStoryboardName = LaunchScreen;
				INFOPLIST_KEY_UIMainStoryboardFile = Main;
				INFOPLIST_KEY_UISupportedInterfaceOrientations_iPad = "UIInterfaceOrientationPortrait UIInterfaceOrientationPortraitUpsideDown UIInterfaceOrientationLandscapeLeft UIInterfaceOrientationLandscapeRight";
				INFOPLIST_KEY_UISupportedInterfaceOrientations_iPhone = "UIInterfaceOrientationPortrait UIInterfaceOrientationLandscapeLeft UIInterfaceOrientationLandscapeRight";
				IPHONEOS_DEPLOYMENT_TARGET = 13.0;
				LD_RUNPATH_SEARCH_PATHS = (
					"$(inherited)",
					"@executable_path/Frameworks",
				);
				MARKETING_VERSION = 1.0;
				PRODUCT_BUNDLE_IDENTIFIER = "com.flare.tensorflow.ML-sample";
				PRODUCT_NAME = "$(TARGET_NAME)";
				SWIFT_EMIT_LOC_STRINGS = YES;
				SWIFT_VERSION = 5.0;
				TARGETED_DEVICE_FAMILY = "1,2";
			};
			name = Debug;
		};
		D0FDB01A2AA6FE38007DC1AF /* Release */ = {
			isa = XCBuildConfiguration;
			baseConfigurationReference = EEFF7E63A5DD16B5D299AB9C /* Pods-ML-sample.release.xcconfig */;
			buildSettings = {
				ASSETCATALOG_COMPILER_APPICON_NAME = AppIcon;
				ASSETCATALOG_COMPILER_GLOBAL_ACCENT_COLOR_NAME = AccentColor;
				CODE_SIGN_STYLE = Automatic;
				CURRENT_PROJECT_VERSION = 1;
				GENERATE_INFOPLIST_FILE = YES;
				INFOPLIST_FILE = "ML-sample/Info.plist";
				INFOPLIST_KEY_UIApplicationSupportsIndirectInputEvents = YES;
				INFOPLIST_KEY_UILaunchStoryboardName = LaunchScreen;
				INFOPLIST_KEY_UIMainStoryboardFile = Main;
				INFOPLIST_KEY_UISupportedInterfaceOrientations_iPad = "UIInterfaceOrientationPortrait UIInterfaceOrientationPortraitUpsideDown UIInterfaceOrientationLandscapeLeft UIInterfaceOrientationLandscapeRight";
				INFOPLIST_KEY_UISupportedInterfaceOrientations_iPhone = "UIInterfaceOrientationPortrait UIInterfaceOrientationLandscapeLeft UIInterfaceOrientationLandscapeRight";
				IPHONEOS_DEPLOYMENT_TARGET = 13.0;
				LD_RUNPATH_SEARCH_PATHS = (
					"$(inherited)",
					"@executable_path/Frameworks",
				);
				MARKETING_VERSION = 1.0;
				PRODUCT_BUNDLE_IDENTIFIER = "com.flare.tensorflow.ML-sample";
				PRODUCT_NAME = "$(TARGET_NAME)";
				SWIFT_EMIT_LOC_STRINGS = YES;
				SWIFT_VERSION = 5.0;
				TARGETED_DEVICE_FAMILY = "1,2";
			};
			name = Release;
		};
/* End XCBuildConfiguration section */

/* Begin XCConfigurationList section */
		D0FDAFFF2AA6FE37007DC1AF /* Build configuration list for PBXProject "ML-sample" */ = {
			isa = XCConfigurationList;
			buildConfigurations = (
				D0FDB0162AA6FE38007DC1AF /* Debug */,
				D0FDB0172AA6FE38007DC1AF /* Release */,
			);
			defaultConfigurationIsVisible = 0;
			defaultConfigurationName = Release;
		};
		D0FDB0182AA6FE38007DC1AF /* Build configuration list for PBXNativeTarget "ML-sample" */ = {
			isa = XCConfigurationList;
			buildConfigurations = (
				D0FDB0192AA6FE38007DC1AF /* Debug */,
				D0FDB01A2AA6FE38007DC1AF /* Release */,
			);
			defaultConfigurationIsVisible = 0;
			defaultConfigurationName = Release;
		};
/* End XCConfigurationList section */
	};
	rootObject = D0FDAFFC2AA6FE37007DC1AF /* Project object */;
}
