PODS:
  - MLEngine-iOS (1.0.5)

DEPENDENCIES:
  - MLEngine-iOS (from `https://github.com/tnmrajesh/TechML.git`, tag `1.0.5`)

EXTERNAL SOURCES:
  MLEngine-iOS:
    :git: https://github.com/tnmrajesh/TechML.git
    :tag: 1.0.5

CHECKOUT OPTIONS:
  MLEngine-iOS:
    :git: https://github.com/tnmrajesh/TechML.git
    :tag: 1.0.5

SPEC CHECKSUMS:
  MLEngine-iOS: 849d274e88ba48b62357b8562912f51f824e7fa2

PODFILE CHECKSUM: b23a5f435bbefaeecef17d0ed8a515fcfef0b9a5

COCOAPODS: 1.12.1
